
Microsoft Visual Studio Solution File, Format Version 12.00
# Visual Studio Version 17
VisualStudioVersion = 17.8.34511.84
MinimumVisualStudioVersion = 10.0.40219.1
Project("{FAE04EC0-301F-11D3-BF4B-00C04F79EFBC}") = "ToDoList", "ToDoList\ToDoList.csproj", "{B45B521F-0EA3-4615-94B9-0ADA86BDDEC7}"
EndProject
Global
	GlobalSection(SolutionConfigurationPlatforms) = preSolution
		Debug|Any CPU = Debug|Any CPU
		Release|Any CPU = Release|Any CPU
	EndGlobalSection
	GlobalSection(ProjectConfigurationPlatforms) = postSolution
		{B45B521F-0EA3-4615-94B9-0ADA86BDDEC7}.Debug|Any CPU.ActiveCfg = Debug|Any CPU
		{B45B521F-0EA3-4615-94B9-0ADA86BDDEC7}.Debug|Any CPU.Build.0 = Debug|Any CPU
		{B45B521F-0EA3-4615-94B9-0ADA86BDDEC7}.Release|Any CPU.ActiveCfg = Release|Any CPU
		{B45B521F-0EA3-4615-94B9-0ADA86BDDEC7}.Release|Any CPU.Build.0 = Release|Any CPU
	EndGlobalSection
	GlobalSection(SolutionProperties) = preSolution
		HideSolutionNode = FALSE
	EndGlobalSection
	GlobalSection(ExtensibilityGlobals) = postSolution
		SolutionGuid = {A833625C-B03C-4E17-8118-D8F17113D88E}
	EndGlobalSection
EndGlobal
